
Microsoft Visual Studio Solution File, Format Version 12.00
# Visual Studio Version 17
VisualStudioVersion = 17.4.33205.214
MinimumVisualStudioVersion = 10.0.40219.1
Project("{FAE04EC0-301F-11D3-BF4B-00C04F79EFBC}") = "semaine1", "semaine1\semaine1.csproj", "{D11D92F5-EEF5-4B5C-BE0C-650910A32A72}"
EndProject
Project("{FAE04EC0-301F-11D3-BF4B-00C04F79EFBC}") = "ProjetArgent", "ProjetArgent\ProjetArgent.csproj", "{E793972E-0022-43A2-96E1-D58835F4DBA6}"
EndProject
Global
	GlobalSection(SolutionConfigurationPlatforms) = preSolution
		Debug|Any CPU = Debug|Any CPU
		Release|Any CPU = Release|Any CPU
	EndGlobalSection
	GlobalSection(ProjectConfigurationPlatforms) = postSolution
		{D11D92F5-EEF5-4B5C-BE0C-650910A32A72}.Debug|Any CPU.ActiveCfg = Debug|Any CPU
		{D11D92F5-EEF5-4B5C-BE0C-650910A32A72}.Debug|Any CPU.Build.0 = Debug|Any CPU
		{D11D92F5-EEF5-4B5C-BE0C-650910A32A72}.Release|Any CPU.ActiveCfg = Release|Any CPU
		{D11D92F5-EEF5-4B5C-BE0C-650910A32A72}.Release|Any CPU.Build.0 = Release|Any CPU
		{E793972E-0022-43A2-96E1-D58835F4DBA6}.Debug|Any CPU.ActiveCfg = Debug|Any CPU
		{E793972E-0022-43A2-96E1-D58835F4DBA6}.Debug|Any CPU.Build.0 = Debug|Any CPU
		{E793972E-0022-43A2-96E1-D58835F4DBA6}.Release|Any CPU.ActiveCfg = Release|Any CPU
		{E793972E-0022-43A2-96E1-D58835F4DBA6}.Release|Any CPU.Build.0 = Release|Any CPU
	EndGlobalSection
	GlobalSection(SolutionProperties) = preSolution
		HideSolutionNode = FALSE
	EndGlobalSection
	GlobalSection(ExtensibilityGlobals) = postSolution
		SolutionGuid = {67167DB9-E1B8-4528-AFFD-566FE02E9765}
	EndGlobalSection
EndGlobal
